
Microsoft Visual Studio Solution File, Format Version 12.00
# Visual Studio Version 17
VisualStudioVersion = 17.5.33530.505
MinimumVisualStudioVersion = 10.0.40219.1
Project("{FAE04EC0-301F-11D3-BF4B-00C04F79EFBC}") = "WebApp", "WebApp.csproj", "{0F29FCB3-5263-45AC-ADA0-D03F024C3253}"
EndProject
Global
	GlobalSection(SolutionConfigurationPlatforms) = preSolution
		Debug|Any CPU = Debug|Any CPU
		Release|Any CPU = Release|Any CPU
	EndGlobalSection
	GlobalSection(ProjectConfigurationPlatforms) = postSolution
		{0F29FCB3-5263-45AC-ADA0-D03F024C3253}.Debug|Any CPU.ActiveCfg = Debug|Any CPU
		{0F29FCB3-5263-45AC-ADA0-D03F024C3253}.Debug|Any CPU.Build.0 = Debug|Any CPU
		{0F29FCB3-5263-45AC-ADA0-D03F024C3253}.Release|Any CPU.ActiveCfg = Release|Any CPU
		{0F29FCB3-5263-45AC-ADA0-D03F024C3253}.Release|Any CPU.Build.0 = Release|Any CPU
	EndGlobalSection
	GlobalSection(SolutionProperties) = preSolution
		HideSolutionNode = FALSE
	EndGlobalSection
	GlobalSection(ExtensibilityGlobals) = postSolution
		SolutionGuid = {611F676B-3C64-4D00-9D81-1665FE61D907}
	EndGlobalSection
EndGlobal
